
Microsoft Visual Studio Solution File, Format Version 12.00
# Visual Studio Version 16
VisualStudioVersion = 16.0.31624.102
MinimumVisualStudioVersion = 10.0.40219.1
Project("{FAE04EC0-301F-11D3-BF4B-00C04F79EFBC}") = "ListaToDo", "ListaToDo\ListaToDo.csproj", "{73121AA5-A2B2-4FCB-BA95-9853B2BF9682}"
EndProject
Global
	GlobalSection(SolutionConfigurationPlatforms) = preSolution
		Debug|Any CPU = Debug|Any CPU
		Release|Any CPU = Release|Any CPU
	EndGlobalSection
	GlobalSection(ProjectConfigurationPlatforms) = postSolution
		{73121AA5-A2B2-4FCB-BA95-9853B2BF9682}.Debug|Any CPU.ActiveCfg = Debug|Any CPU
		{73121AA5-A2B2-4FCB-BA95-9853B2BF9682}.Debug|Any CPU.Build.0 = Debug|Any CPU
		{73121AA5-A2B2-4FCB-BA95-9853B2BF9682}.Release|Any CPU.ActiveCfg = Release|Any CPU
		{73121AA5-A2B2-4FCB-BA95-9853B2BF9682}.Release|Any CPU.Build.0 = Release|Any CPU
	EndGlobalSection
	GlobalSection(SolutionProperties) = preSolution
		HideSolutionNode = FALSE
	EndGlobalSection
	GlobalSection(ExtensibilityGlobals) = postSolution
		SolutionGuid = {7231D8AC-ABBB-4DC3-B145-A614548D63BE}
	EndGlobalSection
EndGlobal
